
Microsoft Visual Studio Solution File, Format Version 12.00
# Visual Studio 15
VisualStudioVersion = 15.0.28010.2019
MinimumVisualStudioVersion = 10.0.40219.1
Project("{FAE04EC0-301F-11D3-BF4B-00C04F79EFBC}") = "PSLauncherForm", "PSLauncherForm\PSLauncherForm.csproj", "{264F7A2F-6FF4-4861-9B31-C22E299A6F44}"
EndProject
Global
	GlobalSection(SolutionConfigurationPlatforms) = preSolution
		Debug|Any CPU = Debug|Any CPU
		Release|Any CPU = Release|Any CPU
	EndGlobalSection
	GlobalSection(ProjectConfigurationPlatforms) = postSolution
		{264F7A2F-6FF4-4861-9B31-C22E299A6F44}.Debug|Any CPU.ActiveCfg = Debug|Any CPU
		{264F7A2F-6FF4-4861-9B31-C22E299A6F44}.Debug|Any CPU.Build.0 = Debug|Any CPU
		{264F7A2F-6FF4-4861-9B31-C22E299A6F44}.Release|Any CPU.ActiveCfg = Release|Any CPU
		{264F7A2F-6FF4-4861-9B31-C22E299A6F44}.Release|Any CPU.Build.0 = Release|Any CPU
	EndGlobalSection
	GlobalSection(SolutionProperties) = preSolution
		HideSolutionNode = FALSE
	EndGlobalSection
	GlobalSection(ExtensibilityGlobals) = postSolution
		SolutionGuid = {DE283CF9-B091-495F-BE2D-E063313674EC}
	EndGlobalSection
EndGlobal
